// !$*UTF8*$!
{
	archiveVersion = 1;
	classes = {
	};
	objectVersion = 50;
	objects = {

/* Begin PBXBuildFile section */
		7B00C71B245303780080CB77 /* TabBar.storyboard in Resources */ = {isa = PBXBuildFile; fileRef = 7B00C71A245303780080CB77 /* TabBar.storyboard */; };
		7B00C71D245390AB0080CB77 /* Fogueira.storyboard in Resources */ = {isa = PBXBuildFile; fileRef = 7B00C71C245390AB0080CB77 /* Fogueira.storyboard */; };
		7B00C71F245390D30080CB77 /* respiracao.storyboard in Resources */ = {isa = PBXBuildFile; fileRef = 7B00C71E245390D30080CB77 /* respiracao.storyboard */; };
		7B00C721245390F20080CB77 /* meditacao.storyboard in Resources */ = {isa = PBXBuildFile; fileRef = 7B00C720245390F20080CB77 /* meditacao.storyboard */; };
		7B00C7232453912B0080CB77 /* midia.storyboard in Resources */ = {isa = PBXBuildFile; fileRef = 7B00C7222453912B0080CB77 /* midia.storyboard */; };
		7B00C725245391510080CB77 /* configuracao.storyboard in Resources */ = {isa = PBXBuildFile; fileRef = 7B00C724245391510080CB77 /* configuracao.storyboard */; };
		850F3EF52451D18E001E95C2 /* AppDelegate.swift in Sources */ = {isa = PBXBuildFile; fileRef = 850F3EF42451D18E001E95C2 /* AppDelegate.swift */; };
		850F3EF72451D18E001E95C2 /* SceneDelegate.swift in Sources */ = {isa = PBXBuildFile; fileRef = 850F3EF62451D18E001E95C2 /* SceneDelegate.swift */; };
		850F3EFE2451D195001E95C2 /* Assets.xcassets in Resources */ = {isa = PBXBuildFile; fileRef = 850F3EFD2451D195001E95C2 /* Assets.xcassets */; };
		850F3F012451D195001E95C2 /* LaunchScreen.storyboard in Resources */ = {isa = PBXBuildFile; fileRef = 850F3EFF2451D195001E95C2 /* LaunchScreen.storyboard */; };
		850F3F0C2451D195001E95C2 /* MentalCampfireTests.swift in Sources */ = {isa = PBXBuildFile; fileRef = 850F3F0B2451D195001E95C2 /* MentalCampfireTests.swift */; };
		850F3F172451D195001E95C2 /* MentalCampfireUITests.swift in Sources */ = {isa = PBXBuildFile; fileRef = 850F3F162451D195001E95C2 /* MentalCampfireUITests.swift */; };
		850F3F252451D503001E95C2 /* .gitignore in Resources */ = {isa = PBXBuildFile; fileRef = 850F3F242451D503001E95C2 /* .gitignore */; };
		852BC6E224585BF7007D2A66 /* TipsViewController.swift in Sources */ = {isa = PBXBuildFile; fileRef = 852BC6E124585BF7007D2A66 /* TipsViewController.swift */; };
		852BC6E4245861D6007D2A66 /* Tip.swift in Sources */ = {isa = PBXBuildFile; fileRef = 852BC6E3245861D6007D2A66 /* Tip.swift */; };
		852BC6E62459A0F7007D2A66 /* MeditationViewController.swift in Sources */ = {isa = PBXBuildFile; fileRef = 852BC6E52459A0F7007D2A66 /* MeditationViewController.swift */; };
		852BC6E9245AFF9D007D2A66 /* Invisible.mp3 in Resources */ = {isa = PBXBuildFile; fileRef = 852BC6E8245AFF9D007D2A66 /* Invisible.mp3 */; };
/* End PBXBuildFile section */

/* Begin PBXContainerItemProxy section */
		850F3F082451D195001E95C2 /* PBXContainerItemProxy */ = {
			isa = PBXContainerItemProxy;
			containerPortal = 850F3EE92451D18E001E95C2 /* Project object */;
			proxyType = 1;
			remoteGlobalIDString = 850F3EF02451D18E001E95C2;
			remoteInfo = MentalCampfire;
		};
		850F3F132451D195001E95C2 /* PBXContainerItemProxy */ = {
			isa = PBXContainerItemProxy;
			containerPortal = 850F3EE92451D18E001E95C2 /* Project object */;
			proxyType = 1;
			remoteGlobalIDString = 850F3EF02451D18E001E95C2;
			remoteInfo = MentalCampfire;
		};
/* End PBXContainerItemProxy section */

/* Begin PBXFileReference section */
		7B00C71A245303780080CB77 /* TabBar.storyboard */ = {isa = PBXFileReference; lastKnownFileType = file.storyboard; path = TabBar.storyboard; sourceTree = "<group>"; };
		7B00C71C245390AB0080CB77 /* Fogueira.storyboard */ = {isa = PBXFileReference; lastKnownFileType = file.storyboard; path = Fogueira.storyboard; sourceTree = "<group>"; };
		7B00C71E245390D30080CB77 /* respiracao.storyboard */ = {isa = PBXFileReference; lastKnownFileType = file.storyboard; path = respiracao.storyboard; sourceTree = "<group>"; };
		7B00C720245390F20080CB77 /* meditacao.storyboard */ = {isa = PBXFileReference; lastKnownFileType = file.storyboard; name = meditacao.storyboard; path = MentalCampfire/View/meditacao.storyboard; sourceTree = SOURCE_ROOT; };
		7B00C7222453912B0080CB77 /* midia.storyboard */ = {isa = PBXFileReference; lastKnownFileType = file.storyboard; path = midia.storyboard; sourceTree = "<group>"; };
		7B00C724245391510080CB77 /* configuracao.storyboard */ = {isa = PBXFileReference; lastKnownFileType = file.storyboard; path = configuracao.storyboard; sourceTree = "<group>"; };
		850F3EF12451D18E001E95C2 /* MentalCampfire.app */ = {isa = PBXFileReference; explicitFileType = wrapper.application; includeInIndex = 0; path = MentalCampfire.app; sourceTree = BUILT_PRODUCTS_DIR; };
		850F3EF42451D18E001E95C2 /* AppDelegate.swift */ = {isa = PBXFileReference; lastKnownFileType = sourcecode.swift; path = AppDelegate.swift; sourceTree = "<group>"; };
		850F3EF62451D18E001E95C2 /* SceneDelegate.swift */ = {isa = PBXFileReference; lastKnownFileType = sourcecode.swift; path = SceneDelegate.swift; sourceTree = "<group>"; };
		850F3EFD2451D195001E95C2 /* Assets.xcassets */ = {isa = PBXFileReference; lastKnownFileType = folder.assetcatalog; path = Assets.xcassets; sourceTree = "<group>"; };
		850F3F002451D195001E95C2 /* Base */ = {isa = PBXFileReference; lastKnownFileType = file.storyboard; name = Base; path = Base.lproj/LaunchScreen.storyboard; sourceTree = "<group>"; };
		850F3F022451D195001E95C2 /* Info.plist */ = {isa = PBXFileReference; lastKnownFileType = text.plist.xml; path = Info.plist; sourceTree = "<group>"; };
		850F3F072451D195001E95C2 /* MentalCampfireTests.xctest */ = {isa = PBXFileReference; explicitFileType = wrapper.cfbundle; includeInIndex = 0; path = MentalCampfireTests.xctest; sourceTree = BUILT_PRODUCTS_DIR; };
		850F3F0B2451D195001E95C2 /* MentalCampfireTests.swift */ = {isa = PBXFileReference; lastKnownFileType = sourcecode.swift; path = MentalCampfireTests.swift; sourceTree = "<group>"; };
		850F3F0D2451D195001E95C2 /* Info.plist */ = {isa = PBXFileReference; lastKnownFileType = text.plist.xml; path = Info.plist; sourceTree = "<group>"; };
		850F3F122451D195001E95C2 /* MentalCampfireUITests.xctest */ = {isa = PBXFileReference; explicitFileType = wrapper.cfbundle; includeInIndex = 0; path = MentalCampfireUITests.xctest; sourceTree = BUILT_PRODUCTS_DIR; };
		850F3F162451D195001E95C2 /* MentalCampfireUITests.swift */ = {isa = PBXFileReference; lastKnownFileType = sourcecode.swift; path = MentalCampfireUITests.swift; sourceTree = "<group>"; };
		850F3F182451D195001E95C2 /* Info.plist */ = {isa = PBXFileReference; lastKnownFileType = text.plist.xml; path = Info.plist; sourceTree = "<group>"; };
		850F3F242451D503001E95C2 /* .gitignore */ = {isa = PBXFileReference; lastKnownFileType = text; path = .gitignore; sourceTree = "<group>"; };
		852BC6E124585BF7007D2A66 /* TipsViewController.swift */ = {isa = PBXFileReference; lastKnownFileType = sourcecode.swift; path = TipsViewController.swift; sourceTree = "<group>"; };
		852BC6E3245861D6007D2A66 /* Tip.swift */ = {isa = PBXFileReference; lastKnownFileType = sourcecode.swift; name = Tip.swift; path = MentalCampfire/View/Tip.swift; sourceTree = SOURCE_ROOT; };
		852BC6E52459A0F7007D2A66 /* MeditationViewController.swift */ = {isa = PBXFileReference; lastKnownFileType = sourcecode.swift; path = MeditationViewController.swift; sourceTree = "<group>"; };
		852BC6E8245AFF9D007D2A66 /* Invisible.mp3 */ = {isa = PBXFileReference; lastKnownFileType = audio.mp3; path = Invisible.mp3; sourceTree = "<group>"; };
/* End PBXFileReference section */

/* Begin PBXFrameworksBuildPhase section */
		850F3EEE2451D18E001E95C2 /* Frameworks */ = {
			isa = PBXFrameworksBuildPhase;
			buildActionMask = 2147483647;
			files = (
			);
			runOnlyForDeploymentPostprocessing = 0;
		};
		850F3F042451D195001E95C2 /* Frameworks */ = {
			isa = PBXFrameworksBuildPhase;
			buildActionMask = 2147483647;
			files = (
			);
			runOnlyForDeploymentPostprocessing = 0;
		};
		850F3F0F2451D195001E95C2 /* Frameworks */ = {
			isa = PBXFrameworksBuildPhase;
			buildActionMask = 2147483647;
			files = (
			);
			runOnlyForDeploymentPostprocessing = 0;
		};
/* End PBXFrameworksBuildPhase section */

/* Begin PBXGroup section */
		7B00C7172453033C0080CB77 /* View */ = {
			isa = PBXGroup;
			children = (
				850F3EFD2451D195001E95C2 /* Assets.xcassets */,
				850F3EFF2451D195001E95C2 /* LaunchScreen.storyboard */,
				7B00C71A245303780080CB77 /* TabBar.storyboard */,
				7B00C71C245390AB0080CB77 /* Fogueira.storyboard */,
				7B00C71E245390D30080CB77 /* respiracao.storyboard */,
				7B00C720245390F20080CB77 /* meditacao.storyboard */,
				7B00C7222453912B0080CB77 /* midia.storyboard */,
				7B00C724245391510080CB77 /* configuracao.storyboard */,
				852BC6E124585BF7007D2A66 /* TipsViewController.swift */,
				852BC6E52459A0F7007D2A66 /* MeditationViewController.swift */,
			);
			path = View;
			sourceTree = "<group>";
		};
		7B00C718245303490080CB77 /* Controller */ = {
			isa = PBXGroup;
			children = (
			);
			path = Controller;
			sourceTree = "<group>";
		};
		7B00C719245303560080CB77 /* Model */ = {
			isa = PBXGroup;
			children = (
				852BC6E3245861D6007D2A66 /* Tip.swift */,
			);
			path = Model;
			sourceTree = "<group>";
		};
		850F3EE82451D18E001E95C2 = {
			isa = PBXGroup;
			children = (
				850F3EF32451D18E001E95C2 /* MentalCampfire */,
				850F3F0A2451D195001E95C2 /* MentalCampfireTests */,
				850F3F152451D195001E95C2 /* MentalCampfireUITests */,
				850F3EF22451D18E001E95C2 /* Products */,
				850F3F242451D503001E95C2 /* .gitignore */,
			);
			sourceTree = "<group>";
		};
		850F3EF22451D18E001E95C2 /* Products */ = {
			isa = PBXGroup;
			children = (
				850F3EF12451D18E001E95C2 /* MentalCampfire.app */,
				850F3F072451D195001E95C2 /* MentalCampfireTests.xctest */,
				850F3F122451D195001E95C2 /* MentalCampfireUITests.xctest */,
			);
			name = Products;
			sourceTree = "<group>";
		};
		850F3EF32451D18E001E95C2 /* MentalCampfire */ = {
			isa = PBXGroup;
			children = (
				7B00C719245303560080CB77 /* Model */,
				850F3EF42451D18E001E95C2 /* AppDelegate.swift */,
				850F3EF62451D18E001E95C2 /* SceneDelegate.swift */,
				852BC6E7245AFF7D007D2A66 /* meditationAudio */,
				7B00C718245303490080CB77 /* Controller */,
				7B00C7172453033C0080CB77 /* View */,
				850F3F022451D195001E95C2 /* Info.plist */,
			);
			path = MentalCampfire;
			sourceTree = "<group>";
		};
		850F3F0A2451D195001E95C2 /* MentalCampfireTests */ = {
			isa = PBXGroup;
			children = (
				850F3F0B2451D195001E95C2 /* MentalCampfireTests.swift */,
				850F3F0D2451D195001E95C2 /* Info.plist */,
			);
			path = MentalCampfireTests;
			sourceTree = "<group>";
		};
		850F3F152451D195001E95C2 /* MentalCampfireUITests */ = {
			isa = PBXGroup;
			children = (
				850F3F162451D195001E95C2 /* MentalCampfireUITests.swift */,
				850F3F182451D195001E95C2 /* Info.plist */,
			);
			path = MentalCampfireUITests;
			sourceTree = "<group>";
		};
		852BC6E7245AFF7D007D2A66 /* meditationAudio */ = {
			isa = PBXGroup;
			children = (
				852BC6E8245AFF9D007D2A66 /* Invisible.mp3 */,
			);
			path = meditationAudio;
			sourceTree = "<group>";
		};
/* End PBXGroup section */

/* Begin PBXNativeTarget section */
		850F3EF02451D18E001E95C2 /* MentalCampfire */ = {
			isa = PBXNativeTarget;
			buildConfigurationList = 850F3F1B2451D195001E95C2 /* Build configuration list for PBXNativeTarget "MentalCampfire" */;
			buildPhases = (
				850F3EED2451D18E001E95C2 /* Sources */,
				850F3EEE2451D18E001E95C2 /* Frameworks */,
				850F3EEF2451D18E001E95C2 /* Resources */,
			);
			buildRules = (
			);
			dependencies = (
			);
			name = MentalCampfire;
			productName = MentalCampfire;
			productReference = 850F3EF12451D18E001E95C2 /* MentalCampfire.app */;
			productType = "com.apple.product-type.application";
		};
		850F3F062451D195001E95C2 /* MentalCampfireTests */ = {
			isa = PBXNativeTarget;
			buildConfigurationList = 850F3F1E2451D195001E95C2 /* Build configuration list for PBXNativeTarget "MentalCampfireTests" */;
			buildPhases = (
				850F3F032451D195001E95C2 /* Sources */,
				850F3F042451D195001E95C2 /* Frameworks */,
				850F3F052451D195001E95C2 /* Resources */,
			);
			buildRules = (
			);
			dependencies = (
				850F3F092451D195001E95C2 /* PBXTargetDependency */,
			);
			name = MentalCampfireTests;
			productName = MentalCampfireTests;
			productReference = 850F3F072451D195001E95C2 /* MentalCampfireTests.xctest */;
			productType = "com.apple.product-type.bundle.unit-test";
		};
		850F3F112451D195001E95C2 /* MentalCampfireUITests */ = {
			isa = PBXNativeTarget;
			buildConfigurationList = 850F3F212451D195001E95C2 /* Build configuration list for PBXNativeTarget "MentalCampfireUITests" */;
			buildPhases = (
				850F3F0E2451D195001E95C2 /* Sources */,
				850F3F0F2451D195001E95C2 /* Frameworks */,
				850F3F102451D195001E95C2 /* Resources */,
			);
			buildRules = (
			);
			dependencies = (
				850F3F142451D195001E95C2 /* PBXTargetDependency */,
			);
			name = MentalCampfireUITests;
			productName = MentalCampfireUITests;
			productReference = 850F3F122451D195001E95C2 /* MentalCampfireUITests.xctest */;
			productType = "com.apple.product-type.bundle.ui-testing";
		};
/* End PBXNativeTarget section */

/* Begin PBXProject section */
		850F3EE92451D18E001E95C2 /* Project object */ = {
			isa = PBXProject;
			attributes = {
				LastSwiftUpdateCheck = 1140;
				LastUpgradeCheck = 1140;
				ORGANIZATIONNAME = "Rodrigo Silva Ribeiro";
				TargetAttributes = {
					850F3EF02451D18E001E95C2 = {
						CreatedOnToolsVersion = 11.4;
					};
					850F3F062451D195001E95C2 = {
						CreatedOnToolsVersion = 11.4;
						TestTargetID = 850F3EF02451D18E001E95C2;
					};
					850F3F112451D195001E95C2 = {
						CreatedOnToolsVersion = 11.4;
						TestTargetID = 850F3EF02451D18E001E95C2;
					};
				};
			};
			buildConfigurationList = 850F3EEC2451D18E001E95C2 /* Build configuration list for PBXProject "MentalCampfire" */;
			compatibilityVersion = "Xcode 9.3";
			developmentRegion = en;
			hasScannedForEncodings = 0;
			knownRegions = (
				en,
				Base,
			);
			mainGroup = 850F3EE82451D18E001E95C2;
			productRefGroup = 850F3EF22451D18E001E95C2 /* Products */;
			projectDirPath = "";
			projectRoot = "";
			targets = (
				850F3EF02451D18E001E95C2 /* MentalCampfire */,
				850F3F062451D195001E95C2 /* MentalCampfireTests */,
				850F3F112451D195001E95C2 /* MentalCampfireUITests */,
			);
		};
/* End PBXProject section */

/* Begin PBXResourcesBuildPhase section */
		850F3EEF2451D18E001E95C2 /* Resources */ = {
			isa = PBXResourcesBuildPhase;
			buildActionMask = 2147483647;
			files = (
				7B00C721245390F20080CB77 /* meditacao.storyboard in Resources */,
				7B00C71B245303780080CB77 /* TabBar.storyboard in Resources */,
				850F3F252451D503001E95C2 /* .gitignore in Resources */,
				7B00C7232453912B0080CB77 /* midia.storyboard in Resources */,
				850F3F012451D195001E95C2 /* LaunchScreen.storyboard in Resources */,
				7B00C725245391510080CB77 /* configuracao.storyboard in Resources */,
				852BC6E9245AFF9D007D2A66 /* Invisible.mp3 in Resources */,
				7B00C71F245390D30080CB77 /* respiracao.storyboard in Resources */,
				7B00C71D245390AB0080CB77 /* Fogueira.storyboard in Resources */,
				850F3EFE2451D195001E95C2 /* Assets.xcassets in Resources */,
			);
			runOnlyForDeploymentPostprocessing = 0;
		};
		850F3F052451D195001E95C2 /* Resources */ = {
			isa = PBXResourcesBuildPhase;
			buildActionMask = 2147483647;
			files = (
			);
			runOnlyForDeploymentPostprocessing = 0;
		};
		850F3F102451D195001E95C2 /* Resources */ = {
			isa = PBXResourcesBuildPhase;
			buildActionMask = 2147483647;
			files = (
			);
			runOnlyForDeploymentPostprocessing = 0;
		};
/* End PBXResourcesBuildPhase section */

/* Begin PBXSourcesBuildPhase section */
		850F3EED2451D18E001E95C2 /* Sources */ = {
			isa = PBXSourcesBuildPhase;
			buildActionMask = 2147483647;
			files = (
				850F3EF52451D18E001E95C2 /* AppDelegate.swift in Sources */,
				852BC6E4245861D6007D2A66 /* Tip.swift in Sources */,
				852BC6E62459A0F7007D2A66 /* MeditationViewController.swift in Sources */,
				850F3EF72451D18E001E95C2 /* SceneDelegate.swift in Sources */,
				852BC6E224585BF7007D2A66 /* TipsViewController.swift in Sources */,
			);
			runOnlyForDeploymentPostprocessing = 0;
		};
		850F3F032451D195001E95C2 /* Sources */ = {
			isa = PBXSourcesBuildPhase;
			buildActionMask = 2147483647;
			files = (
				850F3F0C2451D195001E95C2 /* MentalCampfireTests.swift in Sources */,
			);
			runOnlyForDeploymentPostprocessing = 0;
		};
		850F3F0E2451D195001E95C2 /* Sources */ = {
			isa = PBXSourcesBuildPhase;
			buildActionMask = 2147483647;
			files = (
				850F3F172451D195001E95C2 /* MentalCampfireUITests.swift in Sources */,
			);
			runOnlyForDeploymentPostprocessing = 0;
		};
/* End PBXSourcesBuildPhase section */

/* Begin PBXTargetDependency section */
		850F3F092451D195001E95C2 /* PBXTargetDependency */ = {
			isa = PBXTargetDependency;
			target = 850F3EF02451D18E001E95C2 /* MentalCampfire */;
			targetProxy = 850F3F082451D195001E95C2 /* PBXContainerItemProxy */;
		};
		850F3F142451D195001E95C2 /* PBXTargetDependency */ = {
			isa = PBXTargetDependency;
			target = 850F3EF02451D18E001E95C2 /* MentalCampfire */;
			targetProxy = 850F3F132451D195001E95C2 /* PBXContainerItemProxy */;
		};
/* End PBXTargetDependency section */

/* Begin PBXVariantGroup section */
		850F3EFF2451D195001E95C2 /* LaunchScreen.storyboard */ = {
			isa = PBXVariantGroup;
			children = (
				850F3F002451D195001E95C2 /* Base */,
			);
			name = LaunchScreen.storyboard;
			sourceTree = "<group>";
		};
/* End PBXVariantGroup section */

/* Begin XCBuildConfiguration section */
		850F3F192451D195001E95C2 /* Debug */ = {
			isa = XCBuildConfiguration;
			buildSettings = {
				ALWAYS_SEARCH_USER_PATHS = NO;
				CLANG_ANALYZER_NONNULL = YES;
				CLANG_ANALYZER_NUMBER_OBJECT_CONVERSION = YES_AGGRESSIVE;
				CLANG_CXX_LANGUAGE_STANDARD = "gnu++14";
				CLANG_CXX_LIBRARY = "libc++";
				CLANG_ENABLE_MODULES = YES;
				CLANG_ENABLE_OBJC_ARC = YES;
				CLANG_ENABLE_OBJC_WEAK = YES;
				CLANG_WARN_BLOCK_CAPTURE_AUTORELEASING = YES;
				CLANG_WARN_BOOL_CONVERSION = YES;
				CLANG_WARN_COMMA = YES;
				CLANG_WARN_CONSTANT_CONVERSION = YES;
				CLANG_WARN_DEPRECATED_OBJC_IMPLEMENTATIONS = YES;
				CLANG_WARN_DIRECT_OBJC_ISA_USAGE = YES_ERROR;
				CLANG_WARN_DOCUMENTATION_COMMENTS = YES;
				CLANG_WARN_EMPTY_BODY = YES;
				CLANG_WARN_ENUM_CONVERSION = YES;
				CLANG_WARN_INFINITE_RECURSION = YES;
				CLANG_WARN_INT_CONVERSION = YES;
				CLANG_WARN_NON_LITERAL_NULL_CONVERSION = YES;
				CLANG_WARN_OBJC_IMPLICIT_RETAIN_SELF = YES;
				CLANG_WARN_OBJC_LITERAL_CONVERSION = YES;
				CLANG_WARN_OBJC_ROOT_CLASS = YES_ERROR;
				CLANG_WARN_RANGE_LOOP_ANALYSIS = YES;
				CLANG_WARN_STRICT_PROTOTYPES = YES;
				CLANG_WARN_SUSPICIOUS_MOVE = YES;
				CLANG_WARN_UNGUARDED_AVAILABILITY = YES_AGGRESSIVE;
				CLANG_WARN_UNREACHABLE_CODE = YES;
				CLANG_WARN__DUPLICATE_METHOD_MATCH = YES;
				COPY_PHASE_STRIP = NO;
				DEBUG_INFORMATION_FORMAT = dwarf;
				ENABLE_STRICT_OBJC_MSGSEND = YES;
				ENABLE_TESTABILITY = YES;
				GCC_C_LANGUAGE_STANDARD = gnu11;
				GCC_DYNAMIC_NO_PIC = NO;
				GCC_NO_COMMON_BLOCKS = YES;
				GCC_OPTIMIZATION_LEVEL = 0;
				GCC_PREPROCESSOR_DEFINITIONS = (
					"DEBUG=1",
					"$(inherited)",
				);
				GCC_WARN_64_TO_32_BIT_CONVERSION = YES;
				GCC_WARN_ABOUT_RETURN_TYPE = YES_ERROR;
				GCC_WARN_UNDECLARED_SELECTOR = YES;
				GCC_WARN_UNINITIALIZED_AUTOS = YES_AGGRESSIVE;
				GCC_WARN_UNUSED_FUNCTION = YES;
				GCC_WARN_UNUSED_VARIABLE = YES;
				IPHONEOS_DEPLOYMENT_TARGET = 13.4;
				MTL_ENABLE_DEBUG_INFO = INCLUDE_SOURCE;
				MTL_FAST_MATH = YES;
				ONLY_ACTIVE_ARCH = YES;
				SDKROOT = iphoneos;
				SWIFT_ACTIVE_COMPILATION_CONDITIONS = DEBUG;
				SWIFT_OPTIMIZATION_LEVEL = "-Onone";
			};
			name = Debug;
		};
		850F3F1A2451D195001E95C2 /* Release */ = {
			isa = XCBuildConfiguration;
			buildSettings = {
				ALWAYS_SEARCH_USER_PATHS = NO;
				CLANG_ANALYZER_NONNULL = YES;
				CLANG_ANALYZER_NUMBER_OBJECT_CONVERSION = YES_AGGRESSIVE;
				CLANG_CXX_LANGUAGE_STANDARD = "gnu++14";
				CLANG_CXX_LIBRARY = "libc++";
				CLANG_ENABLE_MODULES = YES;
				CLANG_ENABLE_OBJC_ARC = YES;
				CLANG_ENABLE_OBJC_WEAK = YES;
				CLANG_WARN_BLOCK_CAPTURE_AUTORELEASING = YES;
				CLANG_WARN_BOOL_CONVERSION = YES;
				CLANG_WARN_COMMA = YES;
				CLANG_WARN_CONSTANT_CONVERSION = YES;
				CLANG_WARN_DEPRECATED_OBJC_IMPLEMENTATIONS = YES;
				CLANG_WARN_DIRECT_OBJC_ISA_USAGE = YES_ERROR;
				CLANG_WARN_DOCUMENTATION_COMMENTS = YES;
				CLANG_WARN_EMPTY_BODY = YES;
				CLANG_WARN_ENUM_CONVERSION = YES;
				CLANG_WARN_INFINITE_RECURSION = YES;
				CLANG_WARN_INT_CONVERSION = YES;
				CLANG_WARN_NON_LITERAL_NULL_CONVERSION = YES;
				CLANG_WARN_OBJC_IMPLICIT_RETAIN_SELF = YES;
				CLANG_WARN_OBJC_LITERAL_CONVERSION = YES;
				CLANG_WARN_OBJC_ROOT_CLASS = YES_ERROR;
				CLANG_WARN_RANGE_LOOP_ANALYSIS = YES;
				CLANG_WARN_STRICT_PROTOTYPES = YES;
				CLANG_WARN_SUSPICIOUS_MOVE = YES;
				CLANG_WARN_UNGUARDED_AVAILABILITY = YES_AGGRESSIVE;
				CLANG_WARN_UNREACHABLE_CODE = YES;
				CLANG_WARN__DUPLICATE_METHOD_MATCH = YES;
				COPY_PHASE_STRIP = NO;
				DEBUG_INFORMATION_FORMAT = "dwarf-with-dsym";
				ENABLE_NS_ASSERTIONS = NO;
				ENABLE_STRICT_OBJC_MSGSEND = YES;
				GCC_C_LANGUAGE_STANDARD = gnu11;
				GCC_NO_COMMON_BLOCKS = YES;
				GCC_WARN_64_TO_32_BIT_CONVERSION = YES;
				GCC_WARN_ABOUT_RETURN_TYPE = YES_ERROR;
				GCC_WARN_UNDECLARED_SELECTOR = YES;
				GCC_WARN_UNINITIALIZED_AUTOS = YES_AGGRESSIVE;
				GCC_WARN_UNUSED_FUNCTION = YES;
				GCC_WARN_UNUSED_VARIABLE = YES;
				IPHONEOS_DEPLOYMENT_TARGET = 13.4;
				MTL_ENABLE_DEBUG_INFO = NO;
				MTL_FAST_MATH = YES;
				SDKROOT = iphoneos;
				SWIFT_COMPILATION_MODE = wholemodule;
				SWIFT_OPTIMIZATION_LEVEL = "-O";
				VALIDATE_PRODUCT = YES;
			};
			name = Release;
		};
		850F3F1C2451D195001E95C2 /* Debug */ = {
			isa = XCBuildConfiguration;
			buildSettings = {
				ASSETCATALOG_COMPILER_APPICON_NAME = AppIcon;
				CODE_SIGN_STYLE = Automatic;
				DEVELOPMENT_TEAM = 795A25396T;
				INFOPLIST_FILE = MentalCampfire/Info.plist;
				LD_RUNPATH_SEARCH_PATHS = (
					"$(inherited)",
					"@executable_path/Frameworks",
				);
				PRODUCT_BUNDLE_IDENTIFIER = com.rodrigo.MentalCampfire;
				PRODUCT_NAME = "$(TARGET_NAME)";
				SWIFT_VERSION = 5.0;
				TARGETED_DEVICE_FAMILY = "1,2";
			};
			name = Debug;
		};
		850F3F1D2451D195001E95C2 /* Release */ = {
			isa = XCBuildConfiguration;
			buildSettings = {
				ASSETCATALOG_COMPILER_APPICON_NAME = AppIcon;
				CODE_SIGN_STYLE = Automatic;
				DEVELOPMENT_TEAM = 795A25396T;
				INFOPLIST_FILE = MentalCampfire/Info.plist;
				LD_RUNPATH_SEARCH_PATHS = (
					"$(inherited)",
					"@executable_path/Frameworks",
				);
				PRODUCT_BUNDLE_IDENTIFIER = com.rodrigo.MentalCampfire;
				PRODUCT_NAME = "$(TARGET_NAME)";
				SWIFT_VERSION = 5.0;
				TARGETED_DEVICE_FAMILY = "1,2";
			};
			name = Release;
		};
		850F3F1F2451D195001E95C2 /* Debug */ = {
			isa = XCBuildConfiguration;
			buildSettings = {
				ALWAYS_EMBED_SWIFT_STANDARD_LIBRARIES = YES;
				BUNDLE_LOADER = "$(TEST_HOST)";
				CODE_SIGN_STYLE = Automatic;
				DEVELOPMENT_TEAM = 795A25396T;
				INFOPLIST_FILE = MentalCampfireTests/Info.plist;
				IPHONEOS_DEPLOYMENT_TARGET = 13.4;
				LD_RUNPATH_SEARCH_PATHS = (
					"$(inherited)",
					"@executable_path/Frameworks",
					"@loader_path/Frameworks",
				);
				PRODUCT_BUNDLE_IDENTIFIER = com.rodrigo.MentalCampfireTests;
				PRODUCT_NAME = "$(TARGET_NAME)";
				SWIFT_VERSION = 5.0;
				TARGETED_DEVICE_FAMILY = "1,2";
				TEST_HOST = "$(BUILT_PRODUCTS_DIR)/MentalCampfire.app/MentalCampfire";
			};
			name = Debug;
		};
		850F3F202451D195001E95C2 /* Release */ = {
			isa = XCBuildConfiguration;
			buildSettings = {
				ALWAYS_EMBED_SWIFT_STANDARD_LIBRARIES = YES;
				BUNDLE_LOADER = "$(TEST_HOST)";
				CODE_SIGN_STYLE = Automatic;
				DEVELOPMENT_TEAM = 795A25396T;
				INFOPLIST_FILE = MentalCampfireTests/Info.plist;
				IPHONEOS_DEPLOYMENT_TARGET = 13.4;
				LD_RUNPATH_SEARCH_PATHS = (
					"$(inherited)",
					"@executable_path/Frameworks",
					"@loader_path/Frameworks",
				);
				PRODUCT_BUNDLE_IDENTIFIER = com.rodrigo.MentalCampfireTests;
				PRODUCT_NAME = "$(TARGET_NAME)";
				SWIFT_VERSION = 5.0;
				TARGETED_DEVICE_FAMILY = "1,2";
				TEST_HOST = "$(BUILT_PRODUCTS_DIR)/MentalCampfire.app/MentalCampfire";
			};
			name = Release;
		};
		850F3F222451D195001E95C2 /* Debug */ = {
			isa = XCBuildConfiguration;
			buildSettings = {
				ALWAYS_EMBED_SWIFT_STANDARD_LIBRARIES = YES;
				CODE_SIGN_STYLE = Automatic;
				DEVELOPMENT_TEAM = 795A25396T;
				INFOPLIST_FILE = MentalCampfireUITests/Info.plist;
				LD_RUNPATH_SEARCH_PATHS = (
					"$(inherited)",
					"@executable_path/Frameworks",
					"@loader_path/Frameworks",
				);
				PRODUCT_BUNDLE_IDENTIFIER = com.rodrigo.MentalCampfireUITests;
				PRODUCT_NAME = "$(TARGET_NAME)";
				SWIFT_VERSION = 5.0;
				TARGETED_DEVICE_FAMILY = "1,2";
				TEST_TARGET_NAME = MentalCampfire;
			};
			name = Debug;
		};
		850F3F232451D195001E95C2 /* Release */ = {
			isa = XCBuildConfiguration;
			buildSettings = {
				ALWAYS_EMBED_SWIFT_STANDARD_LIBRARIES = YES;
				CODE_SIGN_STYLE = Automatic;
				DEVELOPMENT_TEAM = 795A25396T;
				INFOPLIST_FILE = MentalCampfireUITests/Info.plist;
				LD_RUNPATH_SEARCH_PATHS = (
					"$(inherited)",
					"@executable_path/Frameworks",
					"@loader_path/Frameworks",
				);
				PRODUCT_BUNDLE_IDENTIFIER = com.rodrigo.MentalCampfireUITests;
				PRODUCT_NAME = "$(TARGET_NAME)";
				SWIFT_VERSION = 5.0;
				TARGETED_DEVICE_FAMILY = "1,2";
				TEST_TARGET_NAME = MentalCampfire;
			};
			name = Release;
		};
/* End XCBuildConfiguration section */

/* Begin XCConfigurationList section */
		850F3EEC2451D18E001E95C2 /* Build configuration list for PBXProject "MentalCampfire" */ = {
			isa = XCConfigurationList;
			buildConfigurations = (
				850F3F192451D195001E95C2 /* Debug */,
				850F3F1A2451D195001E95C2 /* Release */,
			);
			defaultConfigurationIsVisible = 0;
			defaultConfigurationName = Release;
		};
		850F3F1B2451D195001E95C2 /* Build configuration list for PBXNativeTarget "MentalCampfire" */ = {
			isa = XCConfigurationList;
			buildConfigurations = (
				850F3F1C2451D195001E95C2 /* Debug */,
				850F3F1D2451D195001E95C2 /* Release */,
			);
			defaultConfigurationIsVisible = 0;
			defaultConfigurationName = Release;
		};
		850F3F1E2451D195001E95C2 /* Build configuration list for PBXNativeTarget "MentalCampfireTests" */ = {
			isa = XCConfigurationList;
			buildConfigurations = (
				850F3F1F2451D195001E95C2 /* Debug */,
				850F3F202451D195001E95C2 /* Release */,
			);
			defaultConfigurationIsVisible = 0;
			defaultConfigurationName = Release;
		};
		850F3F212451D195001E95C2 /* Build configuration list for PBXNativeTarget "MentalCampfireUITests" */ = {
			isa = XCConfigurationList;
			buildConfigurations = (
				850F3F222451D195001E95C2 /* Debug */,
				850F3F232451D195001E95C2 /* Release */,
			);
			defaultConfigurationIsVisible = 0;
			defaultConfigurationName = Release;
		};
/* End XCConfigurationList section */
	};
	rootObject = 850F3EE92451D18E001E95C2 /* Project object */;
}
